version: 7
platforms:
- name: linux-64
- name: osx-64
- name: osx-arm64
environments:
  default:
    channels:
    - url: https://conda.anaconda.org/conda-forge/
    packages:
      linux-64:
      - conda: https://conda.anaconda.org/conda-forge/linux-64/_openmp_mutex-4.5-20_gnu.conda
      - conda: https://conda.anaconda.org/conda-forge/linux-64/dart-sass-1.101.3-hfc2019e_0.conda
      - conda: https://conda.anaconda.org/conda-forge/linux-64/hugo-0.164.0-hc83c272_0.conda
      - conda: https://conda.anaconda.org/conda-forge/linux-64/libgcc-15.2.0-he0feb66_19.conda
      - conda: https://conda.anaconda.org/conda-forge/linux-64/libgomp-15.2.0-he0feb66_19.conda
      - conda: https://conda.anaconda.org/conda-forge/linux-64/libstdcxx-15.2.0-h934c35e_19.conda
      osx-64:
      - conda: https://conda.anaconda.org/conda-forge/osx-64/dart-sass-1.101.3-h8822bef_0.conda
      - conda: https://conda.anaconda.org/conda-forge/osx-64/hugo-0.164.0-h0938e48_0.conda
      - conda: https://conda.anaconda.org/conda-forge/osx-64/libcxx-22.1.8-h19cb2f5_0.conda
      osx-arm64:
      - conda: https://conda.anaconda.org/conda-forge/osx-arm64/dart-sass-1.101.3-h820172f_0.conda
      - conda: https://conda.anaconda.org/conda-forge/osx-arm64/hugo-0.164.0-ha4d9615_0.conda
      - conda: https://conda.anaconda.org/conda-forge/osx-arm64/libcxx-22.1.8-h55c6f16_0.conda
packages:
- conda: https://conda.anaconda.org/conda-forge/linux-64/_openmp_mutex-4.5-20_gnu.conda
  build_number: 20
  sha256: 1dd3fffd892081df9726d7eb7e0dea6198962ba775bd88842135a4ddb4deb3c9
  md5: a9f577daf3de00bca7c3c76c0ecbd1de
  depends:
  - __glibc >=2.17,<3.0.a0
  - libgomp >=7.5.0
  constrains:
  - openmp_impl <0.0a0
  license: BSD-3-Clause
  license_family: BSD
  run_exports:
    strong:
    - _openmp_mutex >=4.5
  size: 28948
  timestamp: 1770939786096
- conda: https://conda.anaconda.org/conda-forge/linux-64/dart-sass-1.101.3-hfc2019e_0.conda
  sha256: 69536500f63f975797c5d5783e39c44a10d6df18a618e439794025607bfef5c6
  md5: 25aa9feec8bc49793e99f2309b0498c9
  license: MIT
  license_family: MIT
  run_exports: {}
  size: 4102233
  timestamp: 1784613983631
- conda: https://conda.anaconda.org/conda-forge/linux-64/hugo-0.164.0-hc83c272_0.conda
  sha256: 3c6c4a6e11e726a62a4c714d3280d455e80e76f2417fa3875c24ce718a2aff30
  md5: f2046a91afc72270485d553ccdd10c3a
  depends:
  - __glibc >=2.17
  - __glibc >=2.17,<3.0.a0
  - libgcc >=14
  - libstdcxx >=14
  license: Apache-2.0
  license_family: APACHE
  run_exports: {}
  size: 20275039
  timestamp: 1783400884917
- conda: https://conda.anaconda.org/conda-forge/linux-64/libgcc-15.2.0-he0feb66_19.conda
  sha256: 8e0a3b5e41272e5678499b5dfc4cddb673f9e935de01eb0767ce857001229f46
  md5: 57736f29cc2b0ec0b6c2952d3f101b6a
  depends:
  - __glibc >=2.17,<3.0.a0
  - _openmp_mutex >=4.5
  constrains:
  - libgcc-ng ==15.2.0=*_19
  - libgomp 15.2.0 he0feb66_19
  license: GPL-3.0-only WITH GCC-exception-3.1
  license_family: GPL
  run_exports: {}
  size: 1041084
  timestamp: 1778269013026
- conda: https://conda.anaconda.org/conda-forge/linux-64/libgomp-15.2.0-he0feb66_19.conda
  sha256: 5abe4ab9d93f6c9757d654f1969ae2267d4505315c1f2f8fe705fd60af084f1b
  md5: faac990cb7aedc7f3a2224f2c9b0c26c
  depends:
  - __glibc >=2.17,<3.0.a0
  license: GPL-3.0-only WITH GCC-exception-3.1
  license_family: GPL
  run_exports:
    strong:
    - _openmp_mutex >=4.5
  size: 603817
  timestamp: 1778268942614
- conda: https://conda.anaconda.org/conda-forge/linux-64/libstdcxx-15.2.0-h934c35e_19.conda
  sha256: dff1058c76ec6b8759e41cefa2508162d00e4a5e6721aa68ec3fd10094e702dc
  md5: 5794b3bdc38177caf969dabd3af08549
  depends:
  - __glibc >=2.17,<3.0.a0
  - libgcc 15.2.0 he0feb66_19
  constrains:
  - libstdcxx-ng ==15.2.0=*_19
  license: GPL-3.0-only WITH GCC-exception-3.1
  license_family: GPL
  run_exports: {}
  size: 5852044
  timestamp: 1778269036376
- conda: https://conda.anaconda.org/conda-forge/osx-64/dart-sass-1.101.3-h8822bef_0.conda
  sha256: e3da7b731922b61f494ba2d74b3aa05587ea234d96758f9e63fa37a384f370ed
  md5: 5517d1f3cb90262b5f1b0ea243cc5391
  license: MIT
  license_family: MIT
  run_exports: {}
  size: 3965373
  timestamp: 1784614030450
- conda: https://conda.anaconda.org/conda-forge/osx-64/hugo-0.164.0-h0938e48_0.conda
  sha256: a31720ba10988efa337f4bb6d88f68815a17c7549bb69e3279f13d4a5a9828ec
  md5: c7ecd42ed449c36a576ee839d905f2da
  depends:
  - __osx >=12.3
  - libcxx >=19
  constrains:
  - __osx>=10.12
  license: Apache-2.0
  license_family: APACHE
  run_exports: {}
  size: 19024394
  timestamp: 1783401338521
- conda: https://conda.anaconda.org/conda-forge/osx-64/libcxx-22.1.8-h19cb2f5_0.conda
  sha256: 57ee997f1f800cf38abc743c0f0a9ddfe6a101c697c35510452ce6f4ddf96361
  md5: 0f600157f28fc7bc9549ecafdfa5bc12
  depends:
  - __osx >=11.0
  license: Apache-2.0 WITH LLVM-exception
  license_family: Apache
  run_exports: {}
  size: 566717
  timestamp: 1781672189697
- conda: https://conda.anaconda.org/conda-forge/osx-arm64/dart-sass-1.101.3-h820172f_0.conda
  sha256: fe3c652bd917df379887a6dcd4433e7d59da1f666350ec681f37335ae79c9f89
  md5: 3e77cec4663f3011fc510d44b0be0967
  license: MIT
  license_family: MIT
  run_exports: {}
  size: 3764220
  timestamp: 1784613997813
- conda: https://conda.anaconda.org/conda-forge/osx-arm64/hugo-0.164.0-ha4d9615_0.conda
  sha256: aab0f97f766a8d80b5d31ed1c123905874dfae88b8b242980dab277d577a1db9
  md5: c66298dc742f3a1d50767e09d0c3a530
  depends:
  - __osx >=12.3
  - libcxx >=19
  license: Apache-2.0
  license_family: APACHE
  run_exports: {}
  size: 17935717
  timestamp: 1783402039253
- conda: https://conda.anaconda.org/conda-forge/osx-arm64/libcxx-22.1.8-h55c6f16_0.conda
  sha256: a2e7abab5add9750fab064c024394de48e49f97631c605ad5db5c8ac3fc769ef
  md5: 89f76a2a21a3ec3ec983b5eb237c4113
  depends:
  - __osx >=11.0
  license: Apache-2.0 WITH LLVM-exception
  license_family: Apache
  run_exports: {}
  size: 569349
  timestamp: 1781670209146
